
Microsoft Visual Studio Solution File, Format Version 12.00
# Visual Studio Version 17
VisualStudioVersion = 17.9.34728.123
MinimumVisualStudioVersion = 10.0.40219.1
Project("{FAE04EC0-301F-11D3-BF4B-00C04F79EFBC}") = "Entity", "Entity\Entity.csproj", "{339CF0DA-AD91-4536-9D9F-454D5D1A2D75}"
EndProject
Project("{FAE04EC0-301F-11D3-BF4B-00C04F79EFBC}") = "ConsoleUI", "ConsoleUI\ConsoleUI.csproj", "{613B3D65-4400-4827-83C1-4787588B31E5}"
EndProject
Project("{FAE04EC0-301F-11D3-BF4B-00C04F79EFBC}") = "DataAccess", "DataAccess\DataAccess.csproj", "{2556CB77-F640-4DDD-A0D5-7FA80A1CD9D7}"
EndProject
Global
	GlobalSection(SolutionConfigurationPlatforms) = preSolution
		Debug|Any CPU = Debug|Any CPU
		Release|Any CPU = Release|Any CPU
	EndGlobalSection
	GlobalSection(ProjectConfigurationPlatforms) = postSolution
		{339CF0DA-AD91-4536-9D9F-454D5D1A2D75}.Debug|Any CPU.ActiveCfg = Debug|Any CPU
		{339CF0DA-AD91-4536-9D9F-454D5D1A2D75}.Debug|Any CPU.Build.0 = Debug|Any CPU
		{339CF0DA-AD91-4536-9D9F-454D5D1A2D75}.Release|Any CPU.ActiveCfg = Release|Any CPU
		{339CF0DA-AD91-4536-9D9F-454D5D1A2D75}.Release|Any CPU.Build.0 = Release|Any CPU
		{613B3D65-4400-4827-83C1-4787588B31E5}.Debug|Any CPU.ActiveCfg = Debug|Any CPU
		{613B3D65-4400-4827-83C1-4787588B31E5}.Debug|Any CPU.Build.0 = Debug|Any CPU
		{613B3D65-4400-4827-83C1-4787588B31E5}.Release|Any CPU.ActiveCfg = Release|Any CPU
		{613B3D65-4400-4827-83C1-4787588B31E5}.Release|Any CPU.Build.0 = Release|Any CPU
		{2556CB77-F640-4DDD-A0D5-7FA80A1CD9D7}.Debug|Any CPU.ActiveCfg = Debug|Any CPU
		{2556CB77-F640-4DDD-A0D5-7FA80A1CD9D7}.Debug|Any CPU.Build.0 = Debug|Any CPU
		{2556CB77-F640-4DDD-A0D5-7FA80A1CD9D7}.Release|Any CPU.ActiveCfg = Release|Any CPU
		{2556CB77-F640-4DDD-A0D5-7FA80A1CD9D7}.Release|Any CPU.Build.0 = Release|Any CPU
	EndGlobalSection
	GlobalSection(SolutionProperties) = preSolution
		HideSolutionNode = FALSE
	EndGlobalSection
	GlobalSection(ExtensibilityGlobals) = postSolution
		SolutionGuid = {271A7327-5A9B-447D-A743-99EE4EDEBC1C}
	EndGlobalSection
EndGlobal
